
Microsoft Visual Studio Solution File, Format Version 12.00
# Visual Studio 15
VisualStudioVersion = 15.0.28307.168
MinimumVisualStudioVersion = 10.0.40219.1
Project("{9A19103F-16F7-4668-BE54-9A1E7A4F7556}") = "SenndJsonToAzure", "SenndJsonToAzure.csproj", "{00E8B476-D3EF-4C0D-B41E-325007C9D527}"
EndProject
Global
	GlobalSection(SolutionConfigurationPlatforms) = preSolution
		Debug|Any CPU = Debug|Any CPU
		Release|Any CPU = Release|Any CPU
	EndGlobalSection
	GlobalSection(ProjectConfigurationPlatforms) = postSolution
		{00E8B476-D3EF-4C0D-B41E-325007C9D527}.Debug|Any CPU.ActiveCfg = Debug|Any CPU
		{00E8B476-D3EF-4C0D-B41E-325007C9D527}.Debug|Any CPU.Build.0 = Debug|Any CPU
		{00E8B476-D3EF-4C0D-B41E-325007C9D527}.Release|Any CPU.ActiveCfg = Release|Any CPU
		{00E8B476-D3EF-4C0D-B41E-325007C9D527}.Release|Any CPU.Build.0 = Release|Any CPU
	EndGlobalSection
	GlobalSection(SolutionProperties) = preSolution
		HideSolutionNode = FALSE
	EndGlobalSection
	GlobalSection(ExtensibilityGlobals) = postSolution
		SolutionGuid = {D943F48D-3C28-4317-9330-2584B6AB4B9A}
	EndGlobalSection
EndGlobal
